// !$*UTF8*$!
{
	archiveVersion = 1;
	classes = {
	};
	objectVersion = 56;
	objects = {

/* Begin PBXBuildFile section */
		06B2A7232C3140DA00D0920F /* RealityKitContent in Frameworks */ = {isa = PBXBuildFile; productRef = 06B2A7222C3140DA00D0920F /* RealityKitContent */; };
		06B2A7252C3140DA00D0920F /* testChecklistApp.swift in Sources */ = {isa = PBXBuildFile; fileRef = 06B2A7242C3140DA00D0920F /* testChecklistApp.swift */; };
		06B2A7272C3140DA00D0920F /* ContentView.swift in Sources */ = {isa = PBXBuildFile; fileRef = 06B2A7262C3140DA00D0920F /* ContentView.swift */; };
		06B2A7292C3140DB00D0920F /* Assets.xcassets in Resources */ = {isa = PBXBuildFile; fileRef = 06B2A7282C3140DB00D0920F /* Assets.xcassets */; };
		06B2A72C2C3140DB00D0920F /* Preview Assets.xcassets in Resources */ = {isa = PBXBuildFile; fileRef = 06B2A72B2C3140DB00D0920F /* Preview Assets.xcassets */; };
		06B2A7342C31420A00D0920F /* Model.swift in Sources */ = {isa = PBXBuildFile; fileRef = 06B2A7332C31420A00D0920F /* Model.swift */; };
		06B2A7382C3142C500D0920F /* Api.swift in Sources */ = {isa = PBXBuildFile; fileRef = 06B2A7372C3142C500D0920F /* Api.swift */; };
		06B2A73A2C31430000D0920F /* ViewModel.swift in Sources */ = {isa = PBXBuildFile; fileRef = 06B2A7392C31430000D0920F /* ViewModel.swift */; };
		06B2A73E2C31532F00D0920F /* CheckboxView.swift in Sources */ = {isa = PBXBuildFile; fileRef = 06B2A73D2C31532F00D0920F /* CheckboxView.swift */; };
/* End PBXBuildFile section */

/* Begin PBXFileReference section */
		06B2A71D2C3140DA00D0920F /* testChecklist.app */ = {isa = PBXFileReference; explicitFileType = wrapper.application; includeInIndex = 0; path = testChecklist.app; sourceTree = BUILT_PRODUCTS_DIR; };
		06B2A7212C3140DA00D0920F /* RealityKitContent */ = {isa = PBXFileReference; lastKnownFileType = wrapper; path = RealityKitContent; sourceTree = "<group>"; };
		06B2A7242C3140DA00D0920F /* testChecklistApp.swift */ = {isa = PBXFileReference; lastKnownFileType = sourcecode.swift; path = testChecklistApp.swift; sourceTree = "<group>"; };
		06B2A7262C3140DA00D0920F /* ContentView.swift */ = {isa = PBXFileReference; lastKnownFileType = sourcecode.swift; path = ContentView.swift; sourceTree = "<group>"; };
		06B2A7282C3140DB00D0920F /* Assets.xcassets */ = {isa = PBXFileReference; lastKnownFileType = folder.assetcatalog; path = Assets.xcassets; sourceTree = "<group>"; };
		06B2A72B2C3140DB00D0920F /* Preview Assets.xcassets */ = {isa = PBXFileReference; lastKnownFileType = folder.assetcatalog; path = "Preview Assets.xcassets"; sourceTree = "<group>"; };
		06B2A72D2C3140DB00D0920F /* Info.plist */ = {isa = PBXFileReference; lastKnownFileType = text.plist.xml; path = Info.plist; sourceTree = "<group>"; };
		06B2A7332C31420A00D0920F /* Model.swift */ = {isa = PBXFileReference; lastKnownFileType = sourcecode.swift; path = Model.swift; sourceTree = "<group>"; };
		06B2A7372C3142C500D0920F /* Api.swift */ = {isa = PBXFileReference; lastKnownFileType = sourcecode.swift; path = Api.swift; sourceTree = "<group>"; };
		06B2A7392C31430000D0920F /* ViewModel.swift */ = {isa = PBXFileReference; lastKnownFileType = sourcecode.swift; path = ViewModel.swift; sourceTree = "<group>"; };
		06B2A73D2C31532F00D0920F /* CheckboxView.swift */ = {isa = PBXFileReference; lastKnownFileType = sourcecode.swift; path = CheckboxView.swift; sourceTree = "<group>"; };
/* End PBXFileReference section */

/* Begin PBXFrameworksBuildPhase section */
		06B2A71A2C3140DA00D0920F /* Frameworks */ = {
			isa = PBXFrameworksBuildPhase;
			buildActionMask = 2147483647;
			files = (
				06B2A7232C3140DA00D0920F /* RealityKitContent in Frameworks */,
			);
			runOnlyForDeploymentPostprocessing = 0;
		};
/* End PBXFrameworksBuildPhase section */

/* Begin PBXGroup section */
		06B2A7142C3140DA00D0920F = {
			isa = PBXGroup;
			children = (
				06B2A71F2C3140DA00D0920F /* testChecklist */,
				06B2A7202C3140DA00D0920F /* Packages */,
				06B2A71E2C3140DA00D0920F /* Products */,
			);
			sourceTree = "<group>";
		};
		06B2A71E2C3140DA00D0920F /* Products */ = {
			isa = PBXGroup;
			children = (
				06B2A71D2C3140DA00D0920F /* testChecklist.app */,
			);
			name = Products;
			sourceTree = "<group>";
		};
		06B2A71F2C3140DA00D0920F /* testChecklist */ = {
			isa = PBXGroup;
			children = (
				06B2A7242C3140DA00D0920F /* testChecklistApp.swift */,
				06B2A7262C3140DA00D0920F /* ContentView.swift */,
				06B2A7372C3142C500D0920F /* Api.swift */,
				06B2A7392C31430000D0920F /* ViewModel.swift */,
				06B2A7332C31420A00D0920F /* Model.swift */,
				06B2A73D2C31532F00D0920F /* CheckboxView.swift */,
				06B2A7282C3140DB00D0920F /* Assets.xcassets */,
				06B2A72D2C3140DB00D0920F /* Info.plist */,
				06B2A72A2C3140DB00D0920F /* Preview Content */,
			);
			path = testChecklist;
			sourceTree = "<group>";
		};
		06B2A7202C3140DA00D0920F /* Packages */ = {
			isa = PBXGroup;
			children = (
				06B2A7212C3140DA00D0920F /* RealityKitContent */,
			);
			path = Packages;
			sourceTree = "<group>";
		};
		06B2A72A2C3140DB00D0920F /* Preview Content */ = {
			isa = PBXGroup;
			children = (
				06B2A72B2C3140DB00D0920F /* Preview Assets.xcassets */,
			);
			path = "Preview Content";
			sourceTree = "<group>";
		};
/* End PBXGroup section */

/* Begin PBXNativeTarget section */
		06B2A71C2C3140DA00D0920F /* testChecklist */ = {
			isa = PBXNativeTarget;
			buildConfigurationList = 06B2A7302C3140DB00D0920F /* Build configuration list for PBXNativeTarget "testChecklist" */;
			buildPhases = (
				06B2A7192C3140DA00D0920F /* Sources */,
				06B2A71A2C3140DA00D0920F /* Frameworks */,
				06B2A71B2C3140DA00D0920F /* Resources */,
			);
			buildRules = (
			);
			dependencies = (
			);
			name = testChecklist;
			packageProductDependencies = (
				06B2A7222C3140DA00D0920F /* RealityKitContent */,
			);
			productName = testChecklist;
			productReference = 06B2A71D2C3140DA00D0920F /* testChecklist.app */;
			productType = "com.apple.product-type.application";
		};
/* End PBXNativeTarget section */

/* Begin PBXProject section */
		06B2A7152C3140DA00D0920F /* Project object */ = {
			isa = PBXProject;
			attributes = {
				BuildIndependentTargetsInParallel = 1;
				LastSwiftUpdateCheck = 1520;
				LastUpgradeCheck = 1520;
				TargetAttributes = {
					06B2A71C2C3140DA00D0920F = {
						CreatedOnToolsVersion = 15.2;
					};
				};
			};
			buildConfigurationList = 06B2A7182C3140DA00D0920F /* Build configuration list for PBXProject "testChecklist" */;
			compatibilityVersion = "Xcode 14.0";
			developmentRegion = en;
			hasScannedForEncodings = 0;
			knownRegions = (
				en,
				Base,
			);
			mainGroup = 06B2A7142C3140DA00D0920F;
			productRefGroup = 06B2A71E2C3140DA00D0920F /* Products */;
			projectDirPath = "";
			projectRoot = "";
			targets = (
				06B2A71C2C3140DA00D0920F /* testChecklist */,
			);
		};
/* End PBXProject section */

/* Begin PBXResourcesBuildPhase section */
		06B2A71B2C3140DA00D0920F /* Resources */ = {
			isa = PBXResourcesBuildPhase;
			buildActionMask = 2147483647;
			files = (
				06B2A72C2C3140DB00D0920F /* Preview Assets.xcassets in Resources */,
				06B2A7292C3140DB00D0920F /* Assets.xcassets in Resources */,
			);
			runOnlyForDeploymentPostprocessing = 0;
		};
/* End PBXResourcesBuildPhase section */

/* Begin PBXSourcesBuildPhase section */
		06B2A7192C3140DA00D0920F /* Sources */ = {
			isa = PBXSourcesBuildPhase;
			buildActionMask = 2147483647;
			files = (
				06B2A73A2C31430000D0920F /* ViewModel.swift in Sources */,
				06B2A7342C31420A00D0920F /* Model.swift in Sources */,
				06B2A7272C3140DA00D0920F /* ContentView.swift in Sources */,
				06B2A73E2C31532F00D0920F /* CheckboxView.swift in Sources */,
				06B2A7382C3142C500D0920F /* Api.swift in Sources */,
				06B2A7252C3140DA00D0920F /* testChecklistApp.swift in Sources */,
			);
			runOnlyForDeploymentPostprocessing = 0;
		};
/* End PBXSourcesBuildPhase section */

/* Begin XCBuildConfiguration section */
		06B2A72E2C3140DB00D0920F /* Debug */ = {
			isa = XCBuildConfiguration;
			buildSettings = {
				ALWAYS_SEARCH_USER_PATHS = NO;
				ASSETCATALOG_COMPILER_GENERATE_SWIFT_ASSET_SYMBOL_EXTENSIONS = YES;
				CLANG_ANALYZER_NONNULL = YES;
				CLANG_ANALYZER_NUMBER_OBJECT_CONVERSION = YES_AGGRESSIVE;
				CLANG_CXX_LANGUAGE_STANDARD = "gnu++20";
				CLANG_ENABLE_MODULES = YES;
				CLANG_ENABLE_OBJC_ARC = YES;
				CLANG_ENABLE_OBJC_WEAK = YES;
				CLANG_WARN_BLOCK_CAPTURE_AUTORELEASING = YES;
				CLANG_WARN_BOOL_CONVERSION = YES;
				CLANG_WARN_COMMA = YES;
				CLANG_WARN_CONSTANT_CONVERSION = YES;
				CLANG_WARN_DEPRECATED_OBJC_IMPLEMENTATIONS = YES;
				CLANG_WARN_DIRECT_OBJC_ISA_USAGE = YES_ERROR;
				CLANG_WARN_DOCUMENTATION_COMMENTS = YES;
				CLANG_WARN_EMPTY_BODY = YES;
				CLANG_WARN_ENUM_CONVERSION = YES;
				CLANG_WARN_INFINITE_RECURSION = YES;
				CLANG_WARN_INT_CONVERSION = YES;
				CLANG_WARN_NON_LITERAL_NULL_CONVERSION = YES;
				CLANG_WARN_OBJC_IMPLICIT_RETAIN_SELF = YES;
				CLANG_WARN_OBJC_LITERAL_CONVERSION = YES;
				CLANG_WARN_OBJC_ROOT_CLASS = YES_ERROR;
				CLANG_WARN_QUOTED_INCLUDE_IN_FRAMEWORK_HEADER = YES;
				CLANG_WARN_RANGE_LOOP_ANALYSIS = YES;
				CLANG_WARN_STRICT_PROTOTYPES = YES;
				CLANG_WARN_SUSPICIOUS_MOVE = YES;
				CLANG_WARN_UNGUARDED_AVAILABILITY = YES_AGGRESSIVE;
				CLANG_WARN_UNREACHABLE_CODE = YES;
				CLANG_WARN__DUPLICATE_METHOD_MATCH = YES;
				COPY_PHASE_STRIP = NO;
				DEBUG_INFORMATION_FORMAT = dwarf;
				ENABLE_STRICT_OBJC_MSGSEND = YES;
				ENABLE_TESTABILITY = YES;
				ENABLE_USER_SCRIPT_SANDBOXING = YES;
				GCC_C_LANGUAGE_STANDARD = gnu17;
				GCC_DYNAMIC_NO_PIC = NO;
				GCC_NO_COMMON_BLOCKS = YES;
				GCC_OPTIMIZATION_LEVEL = 0;
				GCC_PREPROCESSOR_DEFINITIONS = (
					"DEBUG=1",
					"$(inherited)",
				);
				GCC_WARN_64_TO_32_BIT_CONVERSION = YES;
				GCC_WARN_ABOUT_RETURN_TYPE = YES_ERROR;
				GCC_WARN_UNDECLARED_SELECTOR = YES;
				GCC_WARN_UNINITIALIZED_AUTOS = YES_AGGRESSIVE;
				GCC_WARN_UNUSED_FUNCTION = YES;
				GCC_WARN_UNUSED_VARIABLE = YES;
				LOCALIZATION_PREFERS_STRING_CATALOGS = YES;
				MTL_ENABLE_DEBUG_INFO = INCLUDE_SOURCE;
				MTL_FAST_MATH = YES;
				ONLY_ACTIVE_ARCH = YES;
				SDKROOT = xros;
				SWIFT_ACTIVE_COMPILATION_CONDITIONS = "DEBUG $(inherited)";
				SWIFT_OPTIMIZATION_LEVEL = "-Onone";
				XROS_DEPLOYMENT_TARGET = 1.0;
			};
			name = Debug;
		};
		06B2A72F2C3140DB00D0920F /* Release */ = {
			isa = XCBuildConfiguration;
			buildSettings = {
				ALWAYS_SEARCH_USER_PATHS = NO;
				ASSETCATALOG_COMPILER_GENERATE_SWIFT_ASSET_SYMBOL_EXTENSIONS = YES;
				CLANG_ANALYZER_NONNULL = YES;
				CLANG_ANALYZER_NUMBER_OBJECT_CONVERSION = YES_AGGRESSIVE;
				CLANG_CXX_LANGUAGE_STANDARD = "gnu++20";
				CLANG_ENABLE_MODULES = YES;
				CLANG_ENABLE_OBJC_ARC = YES;
				CLANG_ENABLE_OBJC_WEAK = YES;
				CLANG_WARN_BLOCK_CAPTURE_AUTORELEASING = YES;
				CLANG_WARN_BOOL_CONVERSION = YES;
				CLANG_WARN_COMMA = YES;
				CLANG_WARN_CONSTANT_CONVERSION = YES;
				CLANG_WARN_DEPRECATED_OBJC_IMPLEMENTATIONS = YES;
				CLANG_WARN_DIRECT_OBJC_ISA_USAGE = YES_ERROR;
				CLANG_WARN_DOCUMENTATION_COMMENTS = YES;
				CLANG_WARN_EMPTY_BODY = YES;
				CLANG_WARN_ENUM_CONVERSION = YES;
				CLANG_WARN_INFINITE_RECURSION = YES;
				CLANG_WARN_INT_CONVERSION = YES;
				CLANG_WARN_NON_LITERAL_NULL_CONVERSION = YES;
				CLANG_WARN_OBJC_IMPLICIT_RETAIN_SELF = YES;
				CLANG_WARN_OBJC_LITERAL_CONVERSION = YES;
				CLANG_WARN_OBJC_ROOT_CLASS = YES_ERROR;
				CLANG_WARN_QUOTED_INCLUDE_IN_FRAMEWORK_HEADER = YES;
				CLANG_WARN_RANGE_LOOP_ANALYSIS = YES;
				CLANG_WARN_STRICT_PROTOTYPES = YES;
				CLANG_WARN_SUSPICIOUS_MOVE = YES;
				CLANG_WARN_UNGUARDED_AVAILABILITY = YES_AGGRESSIVE;
				CLANG_WARN_UNREACHABLE_CODE = YES;
				CLANG_WARN__DUPLICATE_METHOD_MATCH = YES;
				COPY_PHASE_STRIP = NO;
				DEBUG_INFORMATION_FORMAT = "dwarf-with-dsym";
				ENABLE_NS_ASSERTIONS = NO;
				ENABLE_STRICT_OBJC_MSGSEND = YES;
				ENABLE_USER_SCRIPT_SANDBOXING = YES;
				GCC_C_LANGUAGE_STANDARD = gnu17;
				GCC_NO_COMMON_BLOCKS = YES;
				GCC_WARN_64_TO_32_BIT_CONVERSION = YES;
				GCC_WARN_ABOUT_RETURN_TYPE = YES_ERROR;
				GCC_WARN_UNDECLARED_SELECTOR = YES;
				GCC_WARN_UNINITIALIZED_AUTOS = YES_AGGRESSIVE;
				GCC_WARN_UNUSED_FUNCTION = YES;
				GCC_WARN_UNUSED_VARIABLE = YES;
				LOCALIZATION_PREFERS_STRING_CATALOGS = YES;
				MTL_ENABLE_DEBUG_INFO = NO;
				MTL_FAST_MATH = YES;
				SDKROOT = xros;
				SWIFT_COMPILATION_MODE = wholemodule;
				VALIDATE_PRODUCT = YES;
				XROS_DEPLOYMENT_TARGET = 1.0;
			};
			name = Release;
		};
		06B2A7312C3140DB00D0920F /* Debug */ = {
			isa = XCBuildConfiguration;
			buildSettings = {
				ASSETCATALOG_COMPILER_APPICON_NAME = AppIcon;
				ASSETCATALOG_COMPILER_GLOBAL_ACCENT_COLOR_NAME = AccentColor;
				CODE_SIGN_STYLE = Automatic;
				CURRENT_PROJECT_VERSION = 1;
				DEVELOPMENT_ASSET_PATHS = "\"testChecklist/Preview Content\"";
				ENABLE_PREVIEWS = YES;
				GENERATE_INFOPLIST_FILE = YES;
				INFOPLIST_FILE = "$(TARGET_NAME)/Info.plist";
				LD_RUNPATH_SEARCH_PATHS = (
					"$(inherited)",
					"@executable_path/Frameworks",
				);
				MARKETING_VERSION = 1.0;
				PRODUCT_BUNDLE_IDENTIFIER = com.ct.testChecklist;
				PRODUCT_NAME = "$(TARGET_NAME)";
				SUPPORTED_PLATFORMS = "xros xrsimulator";
				SWIFT_EMIT_LOC_STRINGS = YES;
				SWIFT_VERSION = 5.0;
				TARGETED_DEVICE_FAMILY = "1,2,7";
			};
			name = Debug;
		};
		06B2A7322C3140DB00D0920F /* Release */ = {
			isa = XCBuildConfiguration;
			buildSettings = {
				ASSETCATALOG_COMPILER_APPICON_NAME = AppIcon;
				ASSETCATALOG_COMPILER_GLOBAL_ACCENT_COLOR_NAME = AccentColor;
				CODE_SIGN_STYLE = Automatic;
				CURRENT_PROJECT_VERSION = 1;
				DEVELOPMENT_ASSET_PATHS = "\"testChecklist/Preview Content\"";
				ENABLE_PREVIEWS = YES;
				GENERATE_INFOPLIST_FILE = YES;
				INFOPLIST_FILE = "$(TARGET_NAME)/Info.plist";
				LD_RUNPATH_SEARCH_PATHS = (
					"$(inherited)",
					"@executable_path/Frameworks",
				);
				MARKETING_VERSION = 1.0;
				PRODUCT_BUNDLE_IDENTIFIER = com.ct.testChecklist;
				PRODUCT_NAME = "$(TARGET_NAME)";
				SUPPORTED_PLATFORMS = "xros xrsimulator";
				SWIFT_EMIT_LOC_STRINGS = YES;
				SWIFT_VERSION = 5.0;
				TARGETED_DEVICE_FAMILY = "1,2,7";
			};
			name = Release;
		};
/* End XCBuildConfiguration section */

/* Begin XCConfigurationList section */
		06B2A7182C3140DA00D0920F /* Build configuration list for PBXProject "testChecklist" */ = {
			isa = XCConfigurationList;
			buildConfigurations = (
				06B2A72E2C3140DB00D0920F /* Debug */,
				06B2A72F2C3140DB00D0920F /* Release */,
			);
			defaultConfigurationIsVisible = 0;
			defaultConfigurationName = Release;
		};
		06B2A7302C3140DB00D0920F /* Build configuration list for PBXNativeTarget "testChecklist" */ = {
			isa = XCConfigurationList;
			buildConfigurations = (
				06B2A7312C3140DB00D0920F /* Debug */,
				06B2A7322C3140DB00D0920F /* Release */,
			);
			defaultConfigurationIsVisible = 0;
			defaultConfigurationName = Release;
		};
/* End XCConfigurationList section */

/* Begin XCSwiftPackageProductDependency section */
		06B2A7222C3140DA00D0920F /* RealityKitContent */ = {
			isa = XCSwiftPackageProductDependency;
			productName = RealityKitContent;
		};
/* End XCSwiftPackageProductDependency section */
	};
	rootObject = 06B2A7152C3140DA00D0920F /* Project object */;
}
